
Microsoft Visual Studio Solution File, Format Version 12.00
# Visual Studio Version 16
VisualStudioVersion = 16.0.31729.503
MinimumVisualStudioVersion = 10.0.40219.1
Project("{FAE04EC0-301F-11D3-BF4B-00C04F79EFBC}") = "MVC_Food_Delivery", "MVC_Food_Delivery.csproj", "{6D013B87-980C-44F1-AA94-04CCDCD2066F}"
EndProject
Global
	GlobalSection(SolutionConfigurationPlatforms) = preSolution
		Debug|Any CPU = Debug|Any CPU
		Release|Any CPU = Release|Any CPU
	EndGlobalSection
	GlobalSection(ProjectConfigurationPlatforms) = postSolution
		{6D013B87-980C-44F1-AA94-04CCDCD2066F}.Debug|Any CPU.ActiveCfg = Debug|Any CPU
		{6D013B87-980C-44F1-AA94-04CCDCD2066F}.Debug|Any CPU.Build.0 = Debug|Any CPU
		{6D013B87-980C-44F1-AA94-04CCDCD2066F}.Release|Any CPU.ActiveCfg = Release|Any CPU
		{6D013B87-980C-44F1-AA94-04CCDCD2066F}.Release|Any CPU.Build.0 = Release|Any CPU
	EndGlobalSection
	GlobalSection(SolutionProperties) = preSolution
		HideSolutionNode = FALSE
	EndGlobalSection
	GlobalSection(ExtensibilityGlobals) = postSolution
		SolutionGuid = {3E59068D-55BE-4540-96A9-FF106740461B}
	EndGlobalSection
EndGlobal
